PODS:
  - SpreadsheetView-ObjC (0.1.0)

DEPENDENCIES:
  - SpreadsheetView-ObjC (from `../`)

EXTERNAL SOURCES:
  SpreadsheetView-ObjC:
    :path: "../"

SPEC CHECKSUMS:
  SpreadsheetView-ObjC: d31600e35f238f64f45cbf387fd263b2b5fe1808

PODFILE CHECKSUM: f7dd2c98e8451e2047830a258ddf9092c8644c15

COCOAPODS: 1.8.4
